
Microsoft Visual Studio Solution File, Format Version 12.00
# Visual Studio Version 17
VisualStudioVersion = 17.7.34202.233
MinimumVisualStudioVersion = 10.0.40219.1
Project("{FAE04EC0-301F-11D3-BF4B-00C04F79EFBC}") = "StockMarketNSC", "StockMarketNSC.csproj", "{104D33A8-C23A-4140-BDF4-9210337C7461}"
EndProject
Global
	GlobalSection(SolutionConfigurationPlatforms) = preSolution
		Debug|Any CPU = Debug|Any CPU
		Release|Any CPU = Release|Any CPU
	EndGlobalSection
	GlobalSection(ProjectConfigurationPlatforms) = postSolution
		{104D33A8-C23A-4140-BDF4-9210337C7461}.Debug|Any CPU.ActiveCfg = Debug|Any CPU
		{104D33A8-C23A-4140-BDF4-9210337C7461}.Debug|Any CPU.Build.0 = Debug|Any CPU
		{104D33A8-C23A-4140-BDF4-9210337C7461}.Release|Any CPU.ActiveCfg = Release|Any CPU
		{104D33A8-C23A-4140-BDF4-9210337C7461}.Release|Any CPU.Build.0 = Release|Any CPU
	EndGlobalSection
	GlobalSection(SolutionProperties) = preSolution
		HideSolutionNode = FALSE
	EndGlobalSection
	GlobalSection(ExtensibilityGlobals) = postSolution
		SolutionGuid = {41230FFF-29B2-4B75-831C-3D2F46FA84C8}
	EndGlobalSection
EndGlobal
